// !$*UTF8*$!
{
	archiveVersion = 1;
	classes = {
	};
	objectVersion = 50;
	objects = {

/* Begin PBXBuildFile section */
		21E0FF0F5C4C06930925EED3 /* Pods_ReactiveSwiftPlayground.framework in Frameworks */ = {isa = PBXBuildFile; fileRef = F6072322D02E241DF8826288 /* Pods_ReactiveSwiftPlayground.framework */; };
		3A30465E2508B34500069CD2 /* AppDelegate.swift in Sources */ = {isa = PBXBuildFile; fileRef = 3A30465D2508B34500069CD2 /* AppDelegate.swift */; };
		3A3046602508B34500069CD2 /* SceneDelegate.swift in Sources */ = {isa = PBXBuildFile; fileRef = 3A30465F2508B34500069CD2 /* SceneDelegate.swift */; };
		3A3046622508B34500069CD2 /* ViewController.swift in Sources */ = {isa = PBXBuildFile; fileRef = 3A3046612508B34500069CD2 /* ViewController.swift */; };
		3A3046652508B34500069CD2 /* Main.storyboard in Resources */ = {isa = PBXBuildFile; fileRef = 3A3046632508B34500069CD2 /* Main.storyboard */; };
		3A3046672508B34700069CD2 /* Assets.xcassets in Resources */ = {isa = PBXBuildFile; fileRef = 3A3046662508B34700069CD2 /* Assets.xcassets */; };
		3A30466A2508B34700069CD2 /* LaunchScreen.storyboard in Resources */ = {isa = PBXBuildFile; fileRef = 3A3046682508B34700069CD2 /* LaunchScreen.storyboard */; };
/* End PBXBuildFile section */

/* Begin PBXFileReference section */
		3A30465A2508B34500069CD2 /* ReactiveSwiftPlayground.app */ = {isa = PBXFileReference; explicitFileType = wrapper.application; includeInIndex = 0; path = ReactiveSwiftPlayground.app; sourceTree = BUILT_PRODUCTS_DIR; };
		3A30465D2508B34500069CD2 /* AppDelegate.swift */ = {isa = PBXFileReference; lastKnownFileType = sourcecode.swift; path = AppDelegate.swift; sourceTree = "<group>"; };
		3A30465F2508B34500069CD2 /* SceneDelegate.swift */ = {isa = PBXFileReference; lastKnownFileType = sourcecode.swift; path = SceneDelegate.swift; sourceTree = "<group>"; };
		3A3046612508B34500069CD2 /* ViewController.swift */ = {isa = PBXFileReference; lastKnownFileType = sourcecode.swift; path = ViewController.swift; sourceTree = "<group>"; };
		3A3046642508B34500069CD2 /* Base */ = {isa = PBXFileReference; lastKnownFileType = file.storyboard; name = Base; path = Base.lproj/Main.storyboard; sourceTree = "<group>"; };
		3A3046662508B34700069CD2 /* Assets.xcassets */ = {isa = PBXFileReference; lastKnownFileType = folder.assetcatalog; path = Assets.xcassets; sourceTree = "<group>"; };
		3A3046692508B34700069CD2 /* Base */ = {isa = PBXFileReference; lastKnownFileType = file.storyboard; name = Base; path = Base.lproj/LaunchScreen.storyboard; sourceTree = "<group>"; };
		3A30466B2508B34700069CD2 /* Info.plist */ = {isa = PBXFileReference; lastKnownFileType = text.plist.xml; path = Info.plist; sourceTree = "<group>"; };
		7E21AD1866ACD7D521044219 /* Pods-ReactiveSwiftPlayground.release.xcconfig */ = {isa = PBXFileReference; includeInIndex = 1; lastKnownFileType = text.xcconfig; name = "Pods-ReactiveSwiftPlayground.release.xcconfig"; path = "Target Support Files/Pods-ReactiveSwiftPlayground/Pods-ReactiveSwiftPlayground.release.xcconfig"; sourceTree = "<group>"; };
		E9E02B4886610A028BD55034 /* Pods-ReactiveSwiftPlayground.debug.xcconfig */ = {isa = PBXFileReference; includeInIndex = 1; lastKnownFileType = text.xcconfig; name = "Pods-ReactiveSwiftPlayground.debug.xcconfig"; path = "Target Support Files/Pods-ReactiveSwiftPlayground/Pods-ReactiveSwiftPlayground.debug.xcconfig"; sourceTree = "<group>"; };
		F6072322D02E241DF8826288 /* Pods_ReactiveSwiftPlayground.framework */ = {isa = PBXFileReference; explicitFileType = wrapper.framework; includeInIndex = 0; path = Pods_ReactiveSwiftPlayground.framework; sourceTree = BUILT_PRODUCTS_DIR; };
/* End PBXFileReference section */

/* Begin PBXFrameworksBuildPhase section */
		3A3046572508B34500069CD2 /* Frameworks */ = {
			isa = PBXFrameworksBuildPhase;
			buildActionMask = 2147483647;
			files = (
				21E0FF0F5C4C06930925EED3 /* Pods_ReactiveSwiftPlayground.framework in Frameworks */,
			);
			runOnlyForDeploymentPostprocessing = 0;
		};
/* End PBXFrameworksBuildPhase section */

/* Begin PBXGroup section */
		12450E7B2B824E80975062D8 /* Frameworks */ = {
			isa = PBXGroup;
			children = (
				F6072322D02E241DF8826288 /* Pods_ReactiveSwiftPlayground.framework */,
			);
			name = Frameworks;
			sourceTree = "<group>";
		};
		3A3046512508B34500069CD2 = {
			isa = PBXGroup;
			children = (
				3A30465C2508B34500069CD2 /* ReactiveSwiftPlayground */,
				3A30465B2508B34500069CD2 /* Products */,
				CFDFAD49F7309ECAF548C856 /* Pods */,
				12450E7B2B824E80975062D8 /* Frameworks */,
			);
			sourceTree = "<group>";
		};
		3A30465B2508B34500069CD2 /* Products */ = {
			isa = PBXGroup;
			children = (
				3A30465A2508B34500069CD2 /* ReactiveSwiftPlayground.app */,
			);
			name = Products;
			sourceTree = "<group>";
		};
		3A30465C2508B34500069CD2 /* ReactiveSwiftPlayground */ = {
			isa = PBXGroup;
			children = (
				3A30465D2508B34500069CD2 /* AppDelegate.swift */,
				3A30465F2508B34500069CD2 /* SceneDelegate.swift */,
				3A3046612508B34500069CD2 /* ViewController.swift */,
				3A3046632508B34500069CD2 /* Main.storyboard */,
				3A3046662508B34700069CD2 /* Assets.xcassets */,
				3A3046682508B34700069CD2 /* LaunchScreen.storyboard */,
				3A30466B2508B34700069CD2 /* Info.plist */,
			);
			path = ReactiveSwiftPlayground;
			sourceTree = "<group>";
		};
		CFDFAD49F7309ECAF548C856 /* Pods */ = {
			isa = PBXGroup;
			children = (
				E9E02B4886610A028BD55034 /* Pods-ReactiveSwiftPlayground.debug.xcconfig */,
				7E21AD1866ACD7D521044219 /* Pods-ReactiveSwiftPlayground.release.xcconfig */,
			);
			name = Pods;
			path = Pods;
			sourceTree = "<group>";
		};
/* End PBXGroup section */

/* Begin PBXNativeTarget section */
		3A3046592508B34500069CD2 /* ReactiveSwiftPlayground */ = {
			isa = PBXNativeTarget;
			buildConfigurationList = 3A30466E2508B34700069CD2 /* Build configuration list for PBXNativeTarget "ReactiveSwiftPlayground" */;
			buildPhases = (
				3B06591E1C1945518623C252 /* [CP] Check Pods Manifest.lock */,
				3A3046562508B34500069CD2 /* Sources */,
				3A3046572508B34500069CD2 /* Frameworks */,
				3A3046582508B34500069CD2 /* Resources */,
				FE8529223FC9FF4288C1CA09 /* [CP] Embed Pods Frameworks */,
			);
			buildRules = (
			);
			dependencies = (
			);
			name = ReactiveSwiftPlayground;
			productName = ReactiveSwiftPlayground;
			productReference = 3A30465A2508B34500069CD2 /* ReactiveSwiftPlayground.app */;
			productType = "com.apple.product-type.application";
		};
/* End PBXNativeTarget section */

/* Begin PBXProject section */
		3A3046522508B34500069CD2 /* Project object */ = {
			isa = PBXProject;
			attributes = {
				LastSwiftUpdateCheck = 1120;
				LastUpgradeCheck = 1120;
				ORGANIZATIONNAME = "Naoki Odajima";
				TargetAttributes = {
					3A3046592508B34500069CD2 = {
						CreatedOnToolsVersion = 11.2.1;
					};
				};
			};
			buildConfigurationList = 3A3046552508B34500069CD2 /* Build configuration list for PBXProject "ReactiveSwiftPlayground" */;
			compatibilityVersion = "Xcode 9.3";
			developmentRegion = en;
			hasScannedForEncodings = 0;
			knownRegions = (
				en,
				Base,
			);
			mainGroup = 3A3046512508B34500069CD2;
			productRefGroup = 3A30465B2508B34500069CD2 /* Products */;
			projectDirPath = "";
			projectRoot = "";
			targets = (
				3A3046592508B34500069CD2 /* ReactiveSwiftPlayground */,
			);
		};
/* End PBXProject section */

/* Begin PBXResourcesBuildPhase section */
		3A3046582508B34500069CD2 /* Resources */ = {
			isa = PBXResourcesBuildPhase;
			buildActionMask = 2147483647;
			files = (
				3A30466A2508B34700069CD2 /* LaunchScreen.storyboard in Resources */,
				3A3046672508B34700069CD2 /* Assets.xcassets in Resources */,
				3A3046652508B34500069CD2 /* Main.storyboard in Resources */,
			);
			runOnlyForDeploymentPostprocessing = 0;
		};
/* End PBXResourcesBuildPhase section */

/* Begin PBXShellScriptBuildPhase section */
		3B06591E1C1945518623C252 /* [CP] Check Pods Manifest.lock */ = {
			isa = PBXShellScriptBuildPhase;
			buildActionMask = 2147483647;
			files = (
			);
			inputFileListPaths = (
			);
			inputPaths = (
				"${PODS_PODFILE_DIR_PATH}/Podfile.lock",
				"${PODS_ROOT}/Manifest.lock",
			);
			name = "[CP] Check Pods Manifest.lock";
			outputFileListPaths = (
			);
			outputPaths = (
				"$(DERIVED_FILE_DIR)/Pods-ReactiveSwiftPlayground-checkManifestLockResult.txt",
			);
			runOnlyForDeploymentPostprocessing = 0;
			shellPath = /bin/sh;
			shellScript = "diff \"${PODS_PODFILE_DIR_PATH}/Podfile.lock\" \"${PODS_ROOT}/Manifest.lock\" > /dev/null\nif [ $? != 0 ] ; then\n    # print error to STDERR\n    echo \"error: The sandbox is not in sync with the Podfile.lock. Run 'pod install' or update your CocoaPods installation.\" >&2\n    exit 1\nfi\n# This output is used by Xcode 'outputs' to avoid re-running this script phase.\necho \"SUCCESS\" > \"${SCRIPT_OUTPUT_FILE_0}\"\n";
			showEnvVarsInLog = 0;
		};
		FE8529223FC9FF4288C1CA09 /* [CP] Embed Pods Frameworks */ = {
			isa = PBXShellScriptBuildPhase;
			buildActionMask = 2147483647;
			files = (
			);
			inputFileListPaths = (
				"${PODS_ROOT}/Target Support Files/Pods-ReactiveSwiftPlayground/Pods-ReactiveSwiftPlayground-frameworks-${CONFIGURATION}-input-files.xcfilelist",
			);
			name = "[CP] Embed Pods Frameworks";
			outputFileListPaths = (
				"${PODS_ROOT}/Target Support Files/Pods-ReactiveSwiftPlayground/Pods-ReactiveSwiftPlayground-frameworks-${CONFIGURATION}-output-files.xcfilelist",
			);
			runOnlyForDeploymentPostprocessing = 0;
			shellPath = /bin/sh;
			shellScript = "\"${PODS_ROOT}/Target Support Files/Pods-ReactiveSwiftPlayground/Pods-ReactiveSwiftPlayground-frameworks.sh\"\n";
			showEnvVarsInLog = 0;
		};
/* End PBXShellScriptBuildPhase section */

/* Begin PBXSourcesBuildPhase section */
		3A3046562508B34500069CD2 /* Sources */ = {
			isa = PBXSourcesBuildPhase;
			buildActionMask = 2147483647;
			files = (
				3A3046622508B34500069CD2 /* ViewController.swift in Sources */,
				3A30465E2508B34500069CD2 /* AppDelegate.swift in Sources */,
				3A3046602508B34500069CD2 /* SceneDelegate.swift in Sources */,
			);
			runOnlyForDeploymentPostprocessing = 0;
		};
/* End PBXSourcesBuildPhase section */

/* Begin PBXVariantGroup section */
		3A3046632508B34500069CD2 /* Main.storyboard */ = {
			isa = PBXVariantGroup;
			children = (
				3A3046642508B34500069CD2 /* Base */,
			);
			name = Main.storyboard;
			sourceTree = "<group>";
		};
		3A3046682508B34700069CD2 /* LaunchScreen.storyboard */ = {
			isa = PBXVariantGroup;
			children = (
				3A3046692508B34700069CD2 /* Base */,
			);
			name = LaunchScreen.storyboard;
			sourceTree = "<group>";
		};
/* End PBXVariantGroup section */

/* Begin XCBuildConfiguration section */
		3A30466C2508B34700069CD2 /* Debug */ = {
			isa = XCBuildConfiguration;
			buildSettings = {
				ALWAYS_SEARCH_USER_PATHS = NO;
				CLANG_ANALYZER_NONNULL = YES;
				CLANG_ANALYZER_NUMBER_OBJECT_CONVERSION = YES_AGGRESSIVE;
				CLANG_CXX_LANGUAGE_STANDARD = "gnu++14";
				CLANG_CXX_LIBRARY = "libc++";
				CLANG_ENABLE_MODULES = YES;
				CLANG_ENABLE_OBJC_ARC = YES;
				CLANG_ENABLE_OBJC_WEAK = YES;
				CLANG_WARN_BLOCK_CAPTURE_AUTORELEASING = YES;
				CLANG_WARN_BOOL_CONVERSION = YES;
				CLANG_WARN_COMMA = YES;
				CLANG_WARN_CONSTANT_CONVERSION = YES;
				CLANG_WARN_DEPRECATED_OBJC_IMPLEMENTATIONS = YES;
				CLANG_WARN_DIRECT_OBJC_ISA_USAGE = YES_ERROR;
				CLANG_WARN_DOCUMENTATION_COMMENTS = YES;
				CLANG_WARN_EMPTY_BODY = YES;
				CLANG_WARN_ENUM_CONVERSION = YES;
				CLANG_WARN_INFINITE_RECURSION = YES;
				CLANG_WARN_INT_CONVERSION = YES;
				CLANG_WARN_NON_LITERAL_NULL_CONVERSION = YES;
				CLANG_WARN_OBJC_IMPLICIT_RETAIN_SELF = YES;
				CLANG_WARN_OBJC_LITERAL_CONVERSION = YES;
				CLANG_WARN_OBJC_ROOT_CLASS = YES_ERROR;
				CLANG_WARN_RANGE_LOOP_ANALYSIS = YES;
				CLANG_WARN_STRICT_PROTOTYPES = YES;
				CLANG_WARN_SUSPICIOUS_MOVE = YES;
				CLANG_WARN_UNGUARDED_AVAILABILITY = YES_AGGRESSIVE;
				CLANG_WARN_UNREACHABLE_CODE = YES;
				CLANG_WARN__DUPLICATE_METHOD_MATCH = YES;
				COPY_PHASE_STRIP = NO;
				DEBUG_INFORMATION_FORMAT = dwarf;
				ENABLE_STRICT_OBJC_MSGSEND = YES;
				ENABLE_TESTABILITY = YES;
				GCC_C_LANGUAGE_STANDARD = gnu11;
				GCC_DYNAMIC_NO_PIC = NO;
				GCC_NO_COMMON_BLOCKS = YES;
				GCC_OPTIMIZATION_LEVEL = 0;
				GCC_PREPROCESSOR_DEFINITIONS = (
					"DEBUG=1",
					"$(inherited)",
				);
				GCC_WARN_64_TO_32_BIT_CONVERSION = YES;
				GCC_WARN_ABOUT_RETURN_TYPE = YES_ERROR;
				GCC_WARN_UNDECLARED_SELECTOR = YES;
				GCC_WARN_UNINITIALIZED_AUTOS = YES_AGGRESSIVE;
				GCC_WARN_UNUSED_FUNCTION = YES;
				GCC_WARN_UNUSED_VARIABLE = YES;
				IPHONEOS_DEPLOYMENT_TARGET = 13.2;
				MTL_ENABLE_DEBUG_INFO = INCLUDE_SOURCE;
				MTL_FAST_MATH = YES;
				ONLY_ACTIVE_ARCH = YES;
				SDKROOT = iphoneos;
				SWIFT_ACTIVE_COMPILATION_CONDITIONS = DEBUG;
				SWIFT_OPTIMIZATION_LEVEL = "-Onone";
			};
			name = Debug;
		};
		3A30466D2508B34700069CD2 /* Release */ = {
			isa = XCBuildConfiguration;
			buildSettings = {
				ALWAYS_SEARCH_USER_PATHS = NO;
				CLANG_ANALYZER_NONNULL = YES;
				CLANG_ANALYZER_NUMBER_OBJECT_CONVERSION = YES_AGGRESSIVE;
				CLANG_CXX_LANGUAGE_STANDARD = "gnu++14";
				CLANG_CXX_LIBRARY = "libc++";
				CLANG_ENABLE_MODULES = YES;
				CLANG_ENABLE_OBJC_ARC = YES;
				CLANG_ENABLE_OBJC_WEAK = YES;
				CLANG_WARN_BLOCK_CAPTURE_AUTORELEASING = YES;
				CLANG_WARN_BOOL_CONVERSION = YES;
				CLANG_WARN_COMMA = YES;
				CLANG_WARN_CONSTANT_CONVERSION = YES;
				CLANG_WARN_DEPRECATED_OBJC_IMPLEMENTATIONS = YES;
				CLANG_WARN_DIRECT_OBJC_ISA_USAGE = YES_ERROR;
				CLANG_WARN_DOCUMENTATION_COMMENTS = YES;
				CLANG_WARN_EMPTY_BODY = YES;
				CLANG_WARN_ENUM_CONVERSION = YES;
				CLANG_WARN_INFINITE_RECURSION = YES;
				CLANG_WARN_INT_CONVERSION = YES;
				CLANG_WARN_NON_LITERAL_NULL_CONVERSION = YES;
				CLANG_WARN_OBJC_IMPLICIT_RETAIN_SELF = YES;
				CLANG_WARN_OBJC_LITERAL_CONVERSION = YES;
				CLANG_WARN_OBJC_ROOT_CLASS = YES_ERROR;
				CLANG_WARN_RANGE_LOOP_ANALYSIS = YES;
				CLANG_WARN_STRICT_PROTOTYPES = YES;
				CLANG_WARN_SUSPICIOUS_MOVE = YES;
				CLANG_WARN_UNGUARDED_AVAILABILITY = YES_AGGRESSIVE;
				CLANG_WARN_UNREACHABLE_CODE = YES;
				CLANG_WARN__DUPLICATE_METHOD_MATCH = YES;
				COPY_PHASE_STRIP = NO;
				DEBUG_INFORMATION_FORMAT = "dwarf-with-dsym";
				ENABLE_NS_ASSERTIONS = NO;
				ENABLE_STRICT_OBJC_MSGSEND = YES;
				GCC_C_LANGUAGE_STANDARD = gnu11;
				GCC_NO_COMMON_BLOCKS = YES;
				GCC_WARN_64_TO_32_BIT_CONVERSION = YES;
				GCC_WARN_ABOUT_RETURN_TYPE = YES_ERROR;
				GCC_WARN_UNDECLARED_SELECTOR = YES;
				GCC_WARN_UNINITIALIZED_AUTOS = YES_AGGRESSIVE;
				GCC_WARN_UNUSED_FUNCTION = YES;
				GCC_WARN_UNUSED_VARIABLE = YES;
				IPHONEOS_DEPLOYMENT_TARGET = 13.2;
				MTL_ENABLE_DEBUG_INFO = NO;
				MTL_FAST_MATH = YES;
				SDKROOT = iphoneos;
				SWIFT_COMPILATION_MODE = wholemodule;
				SWIFT_OPTIMIZATION_LEVEL = "-O";
				VALIDATE_PRODUCT = YES;
			};
			name = Release;
		};
		3A30466F2508B34700069CD2 /* Debug */ = {
			isa = XCBuildConfiguration;
			baseConfigurationReference = E9E02B4886610A028BD55034 /* Pods-ReactiveSwiftPlayground.debug.xcconfig */;
			buildSettings = {
				ASSETCATALOG_COMPILER_APPICON_NAME = AppIcon;
				CODE_SIGN_STYLE = Automatic;
				DEVELOPMENT_TEAM = FCY442J8HW;
				INFOPLIST_FILE = ReactiveSwiftPlayground/Info.plist;
				LD_RUNPATH_SEARCH_PATHS = (
					"$(inherited)",
					"@executable_path/Frameworks",
				);
				PRODUCT_BUNDLE_IDENTIFIER = dazy.ReactiveSwiftPlayground;
				PRODUCT_NAME = "$(TARGET_NAME)";
				SWIFT_VERSION = 5.0;
				TARGETED_DEVICE_FAMILY = "1,2";
			};
			name = Debug;
		};
		3A3046702508B34700069CD2 /* Release */ = {
			isa = XCBuildConfiguration;
			baseConfigurationReference = 7E21AD1866ACD7D521044219 /* Pods-ReactiveSwiftPlayground.release.xcconfig */;
			buildSettings = {
				ASSETCATALOG_COMPILER_APPICON_NAME = AppIcon;
				CODE_SIGN_STYLE = Automatic;
				DEVELOPMENT_TEAM = FCY442J8HW;
				INFOPLIST_FILE = ReactiveSwiftPlayground/Info.plist;
				LD_RUNPATH_SEARCH_PATHS = (
					"$(inherited)",
					"@executable_path/Frameworks",
				);
				PRODUCT_BUNDLE_IDENTIFIER = dazy.ReactiveSwiftPlayground;
				PRODUCT_NAME = "$(TARGET_NAME)";
				SWIFT_VERSION = 5.0;
				TARGETED_DEVICE_FAMILY = "1,2";
			};
			name = Release;
		};
/* End XCBuildConfiguration section */

/* Begin XCConfigurationList section */
		3A3046552508B34500069CD2 /* Build configuration list for PBXProject "ReactiveSwiftPlayground" */ = {
			isa = XCConfigurationList;
			buildConfigurations = (
				3A30466C2508B34700069CD2 /* Debug */,
				3A30466D2508B34700069CD2 /* Release */,
			);
			defaultConfigurationIsVisible = 0;
			defaultConfigurationName = Release;
		};
		3A30466E2508B34700069CD2 /* Build configuration list for PBXNativeTarget "ReactiveSwiftPlayground" */ = {
			isa = XCConfigurationList;
			buildConfigurations = (
				3A30466F2508B34700069CD2 /* Debug */,
				3A3046702508B34700069CD2 /* Release */,
			);
			defaultConfigurationIsVisible = 0;
			defaultConfigurationName = Release;
		};
/* End XCConfigurationList section */
	};
	rootObject = 3A3046522508B34500069CD2 /* Project object */;
}
